
Microsoft Visual Studio Solution File, Format Version 12.00
# Visual Studio Version 17
VisualStudioVersion = 17.10.34928.147
MinimumVisualStudioVersion = 10.0.40219.1
Project("{2150E333-8FDC-42A3-9474-1A3956D46DE8}") = "0 - Presentation", "0 - Presentation", "{061D5414-824D-4C68-AA92-0B9DB46D1E1D}"
EndProject
Project("{9A19103F-16F7-4668-BE54-9A1E7A4F7556}") = "Desafios.GerenciadorBiblioteca.Website", "Presentation\Desafios.GerenciadorBiblioteca.Front\Desafios.GerenciadorBiblioteca.Website.csproj", "{382DB10B-3062-4850-9DE2-E4EA82A6B70D}"
EndProject
Project("{FAE04EC0-301F-11D3-BF4B-00C04F79EFBC}") = "Desafios.GerenciadorBiblioteca.Api", "Desafios.GerenciadorBiblioteca.Api\Desafios.GerenciadorBiblioteca.Api.csproj", "{0F1FCA41-DDD5-4FCB-B940-F28AF2EB0C30}"
EndProject
Project("{2150E333-8FDC-42A3-9474-1A3956D46DE8}") = "1 - Services", "1 - Services", "{F35AF6CF-B693-4F32-AF32-6B8965ED87EE}"
EndProject
Project("{2150E333-8FDC-42A3-9474-1A3956D46DE8}") = "2 - Infra", "2 - Infra", "{54418468-2117-47B9-8783-BB0D02F48E0F}"
EndProject
Project("{2150E333-8FDC-42A3-9474-1A3956D46DE8}") = "3 - Testes", "3 - Testes", "{CEF07EA0-381D-4C38-A467-9F5B7CCFF125}"
EndProject
Project("{FAE04EC0-301F-11D3-BF4B-00C04F79EFBC}") = "Desafios.GerenciadorBiblioteca.Service", "Desafios.GerenciadorBiblioteca.Service\Desafios.GerenciadorBiblioteca.Service.csproj", "{171703D3-4A27-43F1-9962-353D27DF168A}"
EndProject
Project("{FAE04EC0-301F-11D3-BF4B-00C04F79EFBC}") = "Desafios.GerenciadorBiblioteca.Infra", "Desafios.GerenciadorBiblioteca.Infra\Desafios.GerenciadorBiblioteca.Infra.csproj", "{E0636B01-3255-4183-BF54-3900FBC14D8C}"
EndProject
Project("{FAE04EC0-301F-11D3-BF4B-00C04F79EFBC}") = "Desafios.GerenciadorBiblioteca.Tests", "Desafios.GerenciadorBiblioteca.Tests\Desafios.GerenciadorBiblioteca.Tests.csproj", "{9B8CF363-BE58-49ED-8AA7-38B6D2F75A8B}"
EndProject
Global
	GlobalSection(SolutionConfigurationPlatforms) = preSolution
		Debug|Any CPU = Debug|Any CPU
		Release|Any CPU = Release|Any CPU
	EndGlobalSection
	GlobalSection(ProjectConfigurationPlatforms) = postSolution
		{382DB10B-3062-4850-9DE2-E4EA82A6B70D}.Debug|Any CPU.ActiveCfg = Debug|Any CPU
		{382DB10B-3062-4850-9DE2-E4EA82A6B70D}.Debug|Any CPU.Build.0 = Debug|Any CPU
		{382DB10B-3062-4850-9DE2-E4EA82A6B70D}.Release|Any CPU.ActiveCfg = Release|Any CPU
		{382DB10B-3062-4850-9DE2-E4EA82A6B70D}.Release|Any CPU.Build.0 = Release|Any CPU
		{0F1FCA41-DDD5-4FCB-B940-F28AF2EB0C30}.Debug|Any CPU.ActiveCfg = Debug|Any CPU
		{0F1FCA41-DDD5-4FCB-B940-F28AF2EB0C30}.Debug|Any CPU.Build.0 = Debug|Any CPU
		{0F1FCA41-DDD5-4FCB-B940-F28AF2EB0C30}.Release|Any CPU.ActiveCfg = Release|Any CPU
		{0F1FCA41-DDD5-4FCB-B940-F28AF2EB0C30}.Release|Any CPU.Build.0 = Release|Any CPU
		{171703D3-4A27-43F1-9962-353D27DF168A}.Debug|Any CPU.ActiveCfg = Debug|Any CPU
		{171703D3-4A27-43F1-9962-353D27DF168A}.Debug|Any CPU.Build.0 = Debug|Any CPU
		{171703D3-4A27-43F1-9962-353D27DF168A}.Release|Any CPU.ActiveCfg = Release|Any CPU
		{171703D3-4A27-43F1-9962-353D27DF168A}.Release|Any CPU.Build.0 = Release|Any CPU
		{E0636B01-3255-4183-BF54-3900FBC14D8C}.Debug|Any CPU.ActiveCfg = Debug|Any CPU
		{E0636B01-3255-4183-BF54-3900FBC14D8C}.Debug|Any CPU.Build.0 = Debug|Any CPU
		{E0636B01-3255-4183-BF54-3900FBC14D8C}.Release|Any CPU.ActiveCfg = Release|Any CPU
		{E0636B01-3255-4183-BF54-3900FBC14D8C}.Release|Any CPU.Build.0 = Release|Any CPU
		{9B8CF363-BE58-49ED-8AA7-38B6D2F75A8B}.Debug|Any CPU.ActiveCfg = Debug|Any CPU
		{9B8CF363-BE58-49ED-8AA7-38B6D2F75A8B}.Debug|Any CPU.Build.0 = Debug|Any CPU
		{9B8CF363-BE58-49ED-8AA7-38B6D2F75A8B}.Release|Any CPU.ActiveCfg = Release|Any CPU
		{9B8CF363-BE58-49ED-8AA7-38B6D2F75A8B}.Release|Any CPU.Build.0 = Release|Any CPU
	EndGlobalSection
	GlobalSection(SolutionProperties) = preSolution
		HideSolutionNode = FALSE
	EndGlobalSection
	GlobalSection(NestedProjects) = preSolution
		{382DB10B-3062-4850-9DE2-E4EA82A6B70D} = {061D5414-824D-4C68-AA92-0B9DB46D1E1D}
		{0F1FCA41-DDD5-4FCB-B940-F28AF2EB0C30} = {061D5414-824D-4C68-AA92-0B9DB46D1E1D}
		{171703D3-4A27-43F1-9962-353D27DF168A} = {F35AF6CF-B693-4F32-AF32-6B8965ED87EE}
		{E0636B01-3255-4183-BF54-3900FBC14D8C} = {54418468-2117-47B9-8783-BB0D02F48E0F}
		{9B8CF363-BE58-49ED-8AA7-38B6D2F75A8B} = {CEF07EA0-381D-4C38-A467-9F5B7CCFF125}
	EndGlobalSection
	GlobalSection(ExtensibilityGlobals) = postSolution
		SolutionGuid = {15AAC3F7-3907-45D1-AED5-0808BB69807D}
	EndGlobalSection
EndGlobal
